
Microsoft Visual Studio Solution File, Format Version 12.00
# Visual Studio 2013
VisualStudioVersion = 12.0.31101.0
MinimumVisualStudioVersion = 10.0.40219.1
Project("{FAE04EC0-301F-11D3-BF4B-00C04F79EFBC}") = "LoginServer", "src\LoginServer\LoginServer.csproj", "{7C85948A-9771-478E-98BB-97D6D2D60A19}"
EndProject
Project("{FAE04EC0-301F-11D3-BF4B-00C04F79EFBC}") = "Shared", "src\Shared\Shared.csproj", "{85BDC651-D262-4A0F-A415-609369F78837}"
EndProject
Project("{FAE04EC0-301F-11D3-BF4B-00C04F79EFBC}") = "WebServer", "src\WebServer\WebServer.csproj", "{81FD01FA-E633-4426-AD18-46FC607721A5}"
EndProject
Project("{FAE04EC0-301F-11D3-BF4B-00C04F79EFBC}") = "ChannelServer", "src\ChannelServer\ChannelServer.csproj", "{A29F2142-7252-4A6A-8644-5F5B29D37E31}"
EndProject
Project("{FAE04EC0-301F-11D3-BF4B-00C04F79EFBC}") = "MeluaLib", "src\Melua\MeluaLib.csproj", "{0AAFAA0C-78ED-42B7-8017-28FF7C5758EC}"
EndProject
Project("{FAE04EC0-301F-11D3-BF4B-00C04F79EFBC}") = "Test.ChannelServer", "src\Test.ChannelServer\Test.ChannelServer.csproj", "{B818F174-3151-4FC3-99EB-2DA2A8465A50}"
EndProject
Project("{FAE04EC0-301F-11D3-BF4B-00C04F79EFBC}") = "Test.Melua", "src\Test.Melua\Test.Melua.csproj", "{C49EB096-8DFA-42D3-8061-C8F7664E0BE2}"
EndProject
Global
	GlobalSection(SolutionConfigurationPlatforms) = preSolution
		Debug|Any CPU = Debug|Any CPU
		Release|Any CPU = Release|Any CPU
	EndGlobalSection
	GlobalSection(ProjectConfigurationPlatforms) = postSolution
		{7C85948A-9771-478E-98BB-97D6D2D60A19}.Debug|Any CPU.ActiveCfg = Debug|Any CPU
		{7C85948A-9771-478E-98BB-97D6D2D60A19}.Debug|Any CPU.Build.0 = Debug|Any CPU
		{7C85948A-9771-478E-98BB-97D6D2D60A19}.Release|Any CPU.ActiveCfg = Release|Any CPU
		{7C85948A-9771-478E-98BB-97D6D2D60A19}.Release|Any CPU.Build.0 = Release|Any CPU
		{85BDC651-D262-4A0F-A415-609369F78837}.Debug|Any CPU.ActiveCfg = Debug|Any CPU
		{85BDC651-D262-4A0F-A415-609369F78837}.Debug|Any CPU.Build.0 = Debug|Any CPU
		{85BDC651-D262-4A0F-A415-609369F78837}.Release|Any CPU.ActiveCfg = Release|Any CPU
		{85BDC651-D262-4A0F-A415-609369F78837}.Release|Any CPU.Build.0 = Release|Any CPU
		{81FD01FA-E633-4426-AD18-46FC607721A5}.Debug|Any CPU.ActiveCfg = Debug|Any CPU
		{81FD01FA-E633-4426-AD18-46FC607721A5}.Debug|Any CPU.Build.0 = Debug|Any CPU
		{81FD01FA-E633-4426-AD18-46FC607721A5}.Release|Any CPU.ActiveCfg = Release|Any CPU
		{81FD01FA-E633-4426-AD18-46FC607721A5}.Release|Any CPU.Build.0 = Release|Any CPU
		{A29F2142-7252-4A6A-8644-5F5B29D37E31}.Debug|Any CPU.ActiveCfg = Debug|Any CPU
		{A29F2142-7252-4A6A-8644-5F5B29D37E31}.Debug|Any CPU.Build.0 = Debug|Any CPU
		{A29F2142-7252-4A6A-8644-5F5B29D37E31}.Release|Any CPU.ActiveCfg = Release|Any CPU
		{A29F2142-7252-4A6A-8644-5F5B29D37E31}.Release|Any CPU.Build.0 = Release|Any CPU
		{0AAFAA0C-78ED-42B7-8017-28FF7C5758EC}.Debug|Any CPU.ActiveCfg = Debug|Any CPU
		{0AAFAA0C-78ED-42B7-8017-28FF7C5758EC}.Debug|Any CPU.Build.0 = Debug|Any CPU
		{0AAFAA0C-78ED-42B7-8017-28FF7C5758EC}.Release|Any CPU.ActiveCfg = Release|Any CPU
		{0AAFAA0C-78ED-42B7-8017-28FF7C5758EC}.Release|Any CPU.Build.0 = Release|Any CPU
		{B818F174-3151-4FC3-99EB-2DA2A8465A50}.Debug|Any CPU.ActiveCfg = Debug|Any CPU
		{B818F174-3151-4FC3-99EB-2DA2A8465A50}.Debug|Any CPU.Build.0 = Debug|Any CPU
		{B818F174-3151-4FC3-99EB-2DA2A8465A50}.Release|Any CPU.ActiveCfg = Release|Any CPU
		{B818F174-3151-4FC3-99EB-2DA2A8465A50}.Release|Any CPU.Build.0 = Release|Any CPU
		{C49EB096-8DFA-42D3-8061-C8F7664E0BE2}.Debug|Any CPU.ActiveCfg = Debug|Any CPU
		{C49EB096-8DFA-42D3-8061-C8F7664E0BE2}.Debug|Any CPU.Build.0 = Debug|Any CPU
		{C49EB096-8DFA-42D3-8061-C8F7664E0BE2}.Release|Any CPU.ActiveCfg = Release|Any CPU
		{C49EB096-8DFA-42D3-8061-C8F7664E0BE2}.Release|Any CPU.Build.0 = Release|Any CPU
	EndGlobalSection
	GlobalSection(SolutionProperties) = preSolution
		HideSolutionNode = FALSE
	EndGlobalSection
EndGlobal
